
Microsoft Visual Studio Solution File, Format Version 12.00
# Visual Studio Version 17
VisualStudioVersion = 17.8.34309.116
MinimumVisualStudioVersion = 10.0.40219.1
Project("{FAE04EC0-301F-11D3-BF4B-00C04F79EFBC}") = "ShashkiWPF", "ShashkiWPF\ShashkiWPF.csproj", "{5750C9E2-80A7-4231-AD2A-BBFFF12FF99E}"
EndProject
Global
	GlobalSection(SolutionConfigurationPlatforms) = preSolution
		Debug|Any CPU = Debug|Any CPU
		Release|Any CPU = Release|Any CPU
	EndGlobalSection
	GlobalSection(ProjectConfigurationPlatforms) = postSolution
		{5750C9E2-80A7-4231-AD2A-BBFFF12FF99E}.Debug|Any CPU.ActiveCfg = Debug|Any CPU
		{5750C9E2-80A7-4231-AD2A-BBFFF12FF99E}.Debug|Any CPU.Build.0 = Debug|Any CPU
		{5750C9E2-80A7-4231-AD2A-BBFFF12FF99E}.Release|Any CPU.ActiveCfg = Release|Any CPU
		{5750C9E2-80A7-4231-AD2A-BBFFF12FF99E}.Release|Any CPU.Build.0 = Release|Any CPU
	EndGlobalSection
	GlobalSection(SolutionProperties) = preSolution
		HideSolutionNode = FALSE
	EndGlobalSection
	GlobalSection(ExtensibilityGlobals) = postSolution
		SolutionGuid = {2A2A33BE-2DA2-4BDE-BE70-9E45C268FB04}
	EndGlobalSection
EndGlobal
